
Microsoft Visual Studio Solution File, Format Version 12.00
# Visual Studio Version 16
VisualStudioVersion = 16.0.29411.108
MinimumVisualStudioVersion = 10.0.40219.1
Project("{9A19103F-16F7-4668-BE54-9A1E7A4F7556}") = "FZeroGXTools.Serialization", "FZeroGXTools.Serialization\FZeroGXTools.Serialization.csproj", "{BAF372BD-4B0B-4C6E-9F9A-A90E449DFF17}"
EndProject
Project("{FAE04EC0-301F-11D3-BF4B-00C04F79EFBC}") = "FZeroGXTools.Serialization.Tests", "FZeroGXTools.Serialization.Tests\FZeroGXTools.Serialization.Tests.csproj", "{8E347B4C-BB1D-47FE-BD52-4180FF19CE31}"
EndProject
Global
	GlobalSection(SolutionConfigurationPlatforms) = preSolution
		Debug|Any CPU = Debug|Any CPU
		Release|Any CPU = Release|Any CPU
	EndGlobalSection
	GlobalSection(ProjectConfigurationPlatforms) = postSolution
		{BAF372BD-4B0B-4C6E-9F9A-A90E449DFF17}.Debug|Any CPU.ActiveCfg = Debug|Any CPU
		{BAF372BD-4B0B-4C6E-9F9A-A90E449DFF17}.Debug|Any CPU.Build.0 = Debug|Any CPU
		{BAF372BD-4B0B-4C6E-9F9A-A90E449DFF17}.Release|Any CPU.ActiveCfg = Release|Any CPU
		{BAF372BD-4B0B-4C6E-9F9A-A90E449DFF17}.Release|Any CPU.Build.0 = Release|Any CPU
		{8E347B4C-BB1D-47FE-BD52-4180FF19CE31}.Debug|Any CPU.ActiveCfg = Debug|Any CPU
		{8E347B4C-BB1D-47FE-BD52-4180FF19CE31}.Debug|Any CPU.Build.0 = Debug|Any CPU
		{8E347B4C-BB1D-47FE-BD52-4180FF19CE31}.Release|Any CPU.ActiveCfg = Release|Any CPU
		{8E347B4C-BB1D-47FE-BD52-4180FF19CE31}.Release|Any CPU.Build.0 = Release|Any CPU
	EndGlobalSection
	GlobalSection(SolutionProperties) = preSolution
		HideSolutionNode = FALSE
	EndGlobalSection
	GlobalSection(ExtensibilityGlobals) = postSolution
		SolutionGuid = {B799B2DB-983A-4D68-BD6F-CB06AAF09276}
	EndGlobalSection
EndGlobal
